
Microsoft Visual Studio Solution File, Format Version 12.00
# Visual Studio Version 16
VisualStudioVersion = 16.0.28809.33
MinimumVisualStudioVersion = 10.0.40219.1
Project("{FAE04EC0-301F-11D3-BF4B-00C04F79EFBC}") = "BtcWebSrvApp", "BtcWebSrvApp\BtcWebSrvApp.csproj", "{6726D765-B72A-4E9E-947B-DF8AD0C899DE}"
EndProject
Project("{FAE04EC0-301F-11D3-BF4B-00C04F79EFBC}") = "BtcWebSrvApp.Business", "BtcWebSrvApp.Business\BtcWebSrvApp.Business.csproj", "{3CB92EF3-43DF-423F-AB41-5E1ECB4F7222}"
EndProject
Project("{FAE04EC0-301F-11D3-BF4B-00C04F79EFBC}") = "BtcWebSrvApp.Data", "BtcWebSrvApp.Data\BtcWebSrvApp.Data.csproj", "{38C3C608-C141-420D-9F19-FE26E7B738C5}"
EndProject
Project("{FAE04EC0-301F-11D3-BF4B-00C04F79EFBC}") = "UnitTestProject", "UnitTestProject\UnitTestProject.csproj", "{500E4D92-B515-46FF-AC42-23A9FAAC8B62}"
EndProject
Project("{FAE04EC0-301F-11D3-BF4B-00C04F79EFBC}") = "BtcWebSrvApp.API", "BtcWebSrvApp.API\BtcWebSrvApp.API.csproj", "{CE466DCA-4BEC-4BFD-9981-140E7F27236E}"
EndProject
Project("{2150E333-8FDC-42A3-9474-1A3956D46DE8}") = "Solution Items", "Solution Items", "{78D1A405-42FA-4C99-9567-5F8FB1691956}"
	ProjectSection(SolutionItems) = preProject
		db.txt = db.txt
	EndProjectSection
EndProject
Global
	GlobalSection(SolutionConfigurationPlatforms) = preSolution
		Debug|Any CPU = Debug|Any CPU
		Release|Any CPU = Release|Any CPU
	EndGlobalSection
	GlobalSection(ProjectConfigurationPlatforms) = postSolution
		{6726D765-B72A-4E9E-947B-DF8AD0C899DE}.Debug|Any CPU.ActiveCfg = Debug|Any CPU
		{6726D765-B72A-4E9E-947B-DF8AD0C899DE}.Debug|Any CPU.Build.0 = Debug|Any CPU
		{6726D765-B72A-4E9E-947B-DF8AD0C899DE}.Release|Any CPU.ActiveCfg = Release|Any CPU
		{6726D765-B72A-4E9E-947B-DF8AD0C899DE}.Release|Any CPU.Build.0 = Release|Any CPU
		{3CB92EF3-43DF-423F-AB41-5E1ECB4F7222}.Debug|Any CPU.ActiveCfg = Debug|Any CPU
		{3CB92EF3-43DF-423F-AB41-5E1ECB4F7222}.Debug|Any CPU.Build.0 = Debug|Any CPU
		{3CB92EF3-43DF-423F-AB41-5E1ECB4F7222}.Release|Any CPU.ActiveCfg = Release|Any CPU
		{3CB92EF3-43DF-423F-AB41-5E1ECB4F7222}.Release|Any CPU.Build.0 = Release|Any CPU
		{38C3C608-C141-420D-9F19-FE26E7B738C5}.Debug|Any CPU.ActiveCfg = Debug|Any CPU
		{38C3C608-C141-420D-9F19-FE26E7B738C5}.Debug|Any CPU.Build.0 = Debug|Any CPU
		{38C3C608-C141-420D-9F19-FE26E7B738C5}.Release|Any CPU.ActiveCfg = Release|Any CPU
		{38C3C608-C141-420D-9F19-FE26E7B738C5}.Release|Any CPU.Build.0 = Release|Any CPU
		{500E4D92-B515-46FF-AC42-23A9FAAC8B62}.Debug|Any CPU.ActiveCfg = Debug|Any CPU
		{500E4D92-B515-46FF-AC42-23A9FAAC8B62}.Debug|Any CPU.Build.0 = Debug|Any CPU
		{500E4D92-B515-46FF-AC42-23A9FAAC8B62}.Release|Any CPU.ActiveCfg = Release|Any CPU
		{500E4D92-B515-46FF-AC42-23A9FAAC8B62}.Release|Any CPU.Build.0 = Release|Any CPU
		{CE466DCA-4BEC-4BFD-9981-140E7F27236E}.Debug|Any CPU.ActiveCfg = Debug|Any CPU
		{CE466DCA-4BEC-4BFD-9981-140E7F27236E}.Debug|Any CPU.Build.0 = Debug|Any CPU
		{CE466DCA-4BEC-4BFD-9981-140E7F27236E}.Release|Any CPU.ActiveCfg = Release|Any CPU
		{CE466DCA-4BEC-4BFD-9981-140E7F27236E}.Release|Any CPU.Build.0 = Release|Any CPU
	EndGlobalSection
	GlobalSection(SolutionProperties) = preSolution
		HideSolutionNode = FALSE
	EndGlobalSection
	GlobalSection(ExtensibilityGlobals) = postSolution
		SolutionGuid = {5427D1D7-082F-4DCA-B075-1926A5237F2D}
	EndGlobalSection
EndGlobal
